
Microsoft Visual Studio Solution File, Format Version 12.00
# Visual Studio Version 16
VisualStudioVersion = 16.0.29230.47
MinimumVisualStudioVersion = 10.0.40219.1
Project("{FAE04EC0-301F-11D3-BF4B-00C04F79EFBC}") = "MyVet.Common", "MyVet.Common\MyVet.Common.csproj", "{335109C3-BC29-4534-BE65-B4D13BB727D3}"
EndProject
Project("{FAE04EC0-301F-11D3-BF4B-00C04F79EFBC}") = "MyVet.Web", "MyVet.Web\MyVet.Web.csproj", "{A75B2FB7-C450-488F-8550-F32995E42250}"
EndProject
Global
	GlobalSection(SolutionConfigurationPlatforms) = preSolution
		Debug|Any CPU = Debug|Any CPU
		Release|Any CPU = Release|Any CPU
	EndGlobalSection
	GlobalSection(ProjectConfigurationPlatforms) = postSolution
		{335109C3-BC29-4534-BE65-B4D13BB727D3}.Debug|Any CPU.ActiveCfg = Debug|Any CPU
		{335109C3-BC29-4534-BE65-B4D13BB727D3}.Debug|Any CPU.Build.0 = Debug|Any CPU
		{335109C3-BC29-4534-BE65-B4D13BB727D3}.Release|Any CPU.ActiveCfg = Release|Any CPU
		{335109C3-BC29-4534-BE65-B4D13BB727D3}.Release|Any CPU.Build.0 = Release|Any CPU
		{A75B2FB7-C450-488F-8550-F32995E42250}.Debug|Any CPU.ActiveCfg = Debug|Any CPU
		{A75B2FB7-C450-488F-8550-F32995E42250}.Debug|Any CPU.Build.0 = Debug|Any CPU
		{A75B2FB7-C450-488F-8550-F32995E42250}.Release|Any CPU.ActiveCfg = Release|Any CPU
		{A75B2FB7-C450-488F-8550-F32995E42250}.Release|Any CPU.Build.0 = Release|Any CPU
	EndGlobalSection
	GlobalSection(SolutionProperties) = preSolution
		HideSolutionNode = FALSE
	EndGlobalSection
	GlobalSection(ExtensibilityGlobals) = postSolution
		SolutionGuid = {079F4280-FDCF-491C-9FC7-EC97627C368B}
	EndGlobalSection
EndGlobal
